// !$*UTF8*$!
{
	archiveVersion = 1;
	classes = {
	};
	objectVersion = 50;
	objects = {

/* Begin PBXBuildFile section */
		CA093373244F564400F0486D /* SearchViewController.swift in Sources */ = {isa = PBXBuildFile; fileRef = CA093372244F564400F0486D /* SearchViewController.swift */; };
		CA093375244F66DE00F0486D /* DetailViewController.swift in Sources */ = {isa = PBXBuildFile; fileRef = CA093374244F66DE00F0486D /* DetailViewController.swift */; };
		CA09337924512D5800F0486D /* MovieDetails.swift in Sources */ = {isa = PBXBuildFile; fileRef = CA09337824512D5800F0486D /* MovieDetails.swift */; };
		CA33E9542448C55B00D685F0 /* AppDelegate.swift in Sources */ = {isa = PBXBuildFile; fileRef = CA33E9532448C55B00D685F0 /* AppDelegate.swift */; };
		CA33E9562448C55B00D685F0 /* SceneDelegate.swift in Sources */ = {isa = PBXBuildFile; fileRef = CA33E9552448C55B00D685F0 /* SceneDelegate.swift */; };
		CA33E95B2448C55B00D685F0 /* Main.storyboard in Resources */ = {isa = PBXBuildFile; fileRef = CA33E9592448C55B00D685F0 /* Main.storyboard */; };
		CA33E95D2448C56000D685F0 /* Assets.xcassets in Resources */ = {isa = PBXBuildFile; fileRef = CA33E95C2448C56000D685F0 /* Assets.xcassets */; };
		CA33E9602448C56000D685F0 /* LaunchScreen.storyboard in Resources */ = {isa = PBXBuildFile; fileRef = CA33E95E2448C56000D685F0 /* LaunchScreen.storyboard */; };
		CA3DA0EA24513B6600967717 /* SearchTableViewCell.swift in Sources */ = {isa = PBXBuildFile; fileRef = CA3DA0E924513B6600967717 /* SearchTableViewCell.swift */; };
		CA78ACBA24560DE100E416B8 /* PageViewController.swift in Sources */ = {isa = PBXBuildFile; fileRef = CA78ACB924560DE100E416B8 /* PageViewController.swift */; };
		CA78ACBC24560F6C00E416B8 /* PosterViewController.swift in Sources */ = {isa = PBXBuildFile; fileRef = CA78ACBB24560F6C00E416B8 /* PosterViewController.swift */; };
		CA7B4605245215C300010282 /* SplashScreenViewController.swift in Sources */ = {isa = PBXBuildFile; fileRef = CA7B4604245215C300010282 /* SplashScreenViewController.swift */; };
		CAB50D4D244E7F4200B0896E /* APIkeys.swift in Sources */ = {isa = PBXBuildFile; fileRef = CAB50D4C244E7F4200B0896E /* APIkeys.swift */; };
		CAB50D4F244E816700B0896E /* Movie.swift in Sources */ = {isa = PBXBuildFile; fileRef = CAB50D4E244E816700B0896E /* Movie.swift */; };
		CAB50D51244E817000B0896E /* Movies.swift in Sources */ = {isa = PBXBuildFile; fileRef = CAB50D50244E817000B0896E /* Movies.swift */; };
		CAB50D55244E8E6800B0896E /* ViewController.swift in Sources */ = {isa = PBXBuildFile; fileRef = CAB50D54244E8E6800B0896E /* ViewController.swift */; };
/* End PBXBuildFile section */

/* Begin PBXFileReference section */
		CA093372244F564400F0486D /* SearchViewController.swift */ = {isa = PBXFileReference; lastKnownFileType = sourcecode.swift; path = SearchViewController.swift; sourceTree = "<group>"; };
		CA093374244F66DE00F0486D /* DetailViewController.swift */ = {isa = PBXFileReference; lastKnownFileType = sourcecode.swift; path = DetailViewController.swift; sourceTree = "<group>"; };
		CA09337824512D5800F0486D /* MovieDetails.swift */ = {isa = PBXFileReference; lastKnownFileType = sourcecode.swift; path = MovieDetails.swift; sourceTree = "<group>"; };
		CA33E9532448C55B00D685F0 /* AppDelegate.swift */ = {isa = PBXFileReference; lastKnownFileType = sourcecode.swift; path = AppDelegate.swift; sourceTree = "<group>"; };
		CA33E9552448C55B00D685F0 /* SceneDelegate.swift */ = {isa = PBXFileReference; lastKnownFileType = sourcecode.swift; path = SceneDelegate.swift; sourceTree = "<group>"; };
		CA33E95A2448C55B00D685F0 /* Base */ = {isa = PBXFileReference; lastKnownFileType = file.storyboard; name = Base; path = Base.lproj/Main.storyboard; sourceTree = "<group>"; };
		CA33E95C2448C56000D685F0 /* Assets.xcassets */ = {isa = PBXFileReference; lastKnownFileType = folder.assetcatalog; path = Assets.xcassets; sourceTree = "<group>"; };
		CA33E95F2448C56000D685F0 /* Base */ = {isa = PBXFileReference; lastKnownFileType = file.storyboard; name = Base; path = Base.lproj/LaunchScreen.storyboard; sourceTree = "<group>"; };
		CA33E9612448C56000D685F0 /* Info.plist */ = {isa = PBXFileReference; lastKnownFileType = text.plist.xml; path = Info.plist; sourceTree = "<group>"; };
		CA3DA0E924513B6600967717 /* SearchTableViewCell.swift */ = {isa = PBXFileReference; lastKnownFileType = sourcecode.swift; path = SearchTableViewCell.swift; sourceTree = "<group>"; };
		CA78ACB824560B1F00E416B8 /* My Favorite Movies and Shows.app */ = {isa = PBXFileReference; explicitFileType = wrapper.application; includeInIndex = 0; path = "My Favorite Movies and Shows.app"; sourceTree = BUILT_PRODUCTS_DIR; };
		CA78ACB924560DE100E416B8 /* PageViewController.swift */ = {isa = PBXFileReference; lastKnownFileType = sourcecode.swift; path = PageViewController.swift; sourceTree = "<group>"; };
		CA78ACBB24560F6C00E416B8 /* PosterViewController.swift */ = {isa = PBXFileReference; lastKnownFileType = sourcecode.swift; path = PosterViewController.swift; sourceTree = "<group>"; };
		CA7B4604245215C300010282 /* SplashScreenViewController.swift */ = {isa = PBXFileReference; lastKnownFileType = sourcecode.swift; path = SplashScreenViewController.swift; sourceTree = "<group>"; };
		CAB50D4C244E7F4200B0896E /* APIkeys.swift */ = {isa = PBXFileReference; lastKnownFileType = sourcecode.swift; path = APIkeys.swift; sourceTree = "<group>"; };
		CAB50D4E244E816700B0896E /* Movie.swift */ = {isa = PBXFileReference; lastKnownFileType = sourcecode.swift; path = Movie.swift; sourceTree = "<group>"; };
		CAB50D50244E817000B0896E /* Movies.swift */ = {isa = PBXFileReference; lastKnownFileType = sourcecode.swift; path = Movies.swift; sourceTree = "<group>"; };
		CAB50D54244E8E6800B0896E /* ViewController.swift */ = {isa = PBXFileReference; lastKnownFileType = sourcecode.swift; path = ViewController.swift; sourceTree = "<group>"; };
/* End PBXFileReference section */

/* Begin PBXFrameworksBuildPhase section */
		CA33E94D2448C55B00D685F0 /* Frameworks */ = {
			isa = PBXFrameworksBuildPhase;
			buildActionMask = 2147483647;
			files = (
			);
			runOnlyForDeploymentPostprocessing = 0;
		};
/* End PBXFrameworksBuildPhase section */

/* Begin PBXGroup section */
		CA33E9472448C55B00D685F0 = {
			isa = PBXGroup;
			children = (
				CA33E9522448C55B00D685F0 /* My Favorite Movies */,
				CA78ACB824560B1F00E416B8 /* My Favorite Movies and Shows.app */,
			);
			sourceTree = "<group>";
		};
		CA33E9522448C55B00D685F0 /* My Favorite Movies */ = {
			isa = PBXGroup;
			children = (
				CA33E9532448C55B00D685F0 /* AppDelegate.swift */,
				CA33E9552448C55B00D685F0 /* SceneDelegate.swift */,
				CAB50D4E244E816700B0896E /* Movie.swift */,
				CAB50D50244E817000B0896E /* Movies.swift */,
				CA09337824512D5800F0486D /* MovieDetails.swift */,
				CAB50D54244E8E6800B0896E /* ViewController.swift */,
				CA78ACB924560DE100E416B8 /* PageViewController.swift */,
				CA78ACBB24560F6C00E416B8 /* PosterViewController.swift */,
				CA093372244F564400F0486D /* SearchViewController.swift */,
				CA3DA0E924513B6600967717 /* SearchTableViewCell.swift */,
				CA093374244F66DE00F0486D /* DetailViewController.swift */,
				CA7B4604245215C300010282 /* SplashScreenViewController.swift */,
				CA33E9592448C55B00D685F0 /* Main.storyboard */,
				CA33E95C2448C56000D685F0 /* Assets.xcassets */,
				CA33E95E2448C56000D685F0 /* LaunchScreen.storyboard */,
				CA33E9612448C56000D685F0 /* Info.plist */,
				CAB50D4C244E7F4200B0896E /* APIkeys.swift */,
			);
			path = "My Favorite Movies";
			sourceTree = "<group>";
		};
/* End PBXGroup section */

/* Begin PBXNativeTarget section */
		CA33E94F2448C55B00D685F0 /* My Favorite Movies */ = {
			isa = PBXNativeTarget;
			buildConfigurationList = CA33E9642448C56000D685F0 /* Build configuration list for PBXNativeTarget "My Favorite Movies" */;
			buildPhases = (
				CA33E94C2448C55B00D685F0 /* Sources */,
				CA33E94D2448C55B00D685F0 /* Frameworks */,
				CA33E94E2448C55B00D685F0 /* Resources */,
			);
			buildRules = (
			);
			dependencies = (
			);
			name = "My Favorite Movies";
			productName = "My Favorite Movies";
			productReference = CA78ACB824560B1F00E416B8 /* My Favorite Movies and Shows.app */;
			productType = "com.apple.product-type.application";
		};
/* End PBXNativeTarget section */

/* Begin PBXProject section */
		CA33E9482448C55B00D685F0 /* Project object */ = {
			isa = PBXProject;
			attributes = {
				LastSwiftUpdateCheck = 1130;
				LastUpgradeCheck = 1130;
				ORGANIZATIONNAME = "Brandon Boey";
				TargetAttributes = {
					CA33E94F2448C55B00D685F0 = {
						CreatedOnToolsVersion = 11.3;
					};
				};
			};
			buildConfigurationList = CA33E94B2448C55B00D685F0 /* Build configuration list for PBXProject "My Favorite Movies" */;
			compatibilityVersion = "Xcode 9.3";
			developmentRegion = en;
			hasScannedForEncodings = 0;
			knownRegions = (
				en,
				Base,
			);
			mainGroup = CA33E9472448C55B00D685F0;
			productRefGroup = CA33E9472448C55B00D685F0;
			projectDirPath = "";
			projectRoot = "";
			targets = (
				CA33E94F2448C55B00D685F0 /* My Favorite Movies */,
			);
		};
/* End PBXProject section */

/* Begin PBXResourcesBuildPhase section */
		CA33E94E2448C55B00D685F0 /* Resources */ = {
			isa = PBXResourcesBuildPhase;
			buildActionMask = 2147483647;
			files = (
				CA33E9602448C56000D685F0 /* LaunchScreen.storyboard in Resources */,
				CA33E95D2448C56000D685F0 /* Assets.xcassets in Resources */,
				CA33E95B2448C55B00D685F0 /* Main.storyboard in Resources */,
			);
			runOnlyForDeploymentPostprocessing = 0;
		};
/* End PBXResourcesBuildPhase section */

/* Begin PBXSourcesBuildPhase section */
		CA33E94C2448C55B00D685F0 /* Sources */ = {
			isa = PBXSourcesBuildPhase;
			buildActionMask = 2147483647;
			files = (
				CAB50D51244E817000B0896E /* Movies.swift in Sources */,
				CA33E9542448C55B00D685F0 /* AppDelegate.swift in Sources */,
				CAB50D4F244E816700B0896E /* Movie.swift in Sources */,
				CA78ACBC24560F6C00E416B8 /* PosterViewController.swift in Sources */,
				CA78ACBA24560DE100E416B8 /* PageViewController.swift in Sources */,
				CA09337924512D5800F0486D /* MovieDetails.swift in Sources */,
				CAB50D4D244E7F4200B0896E /* APIkeys.swift in Sources */,
				CA7B4605245215C300010282 /* SplashScreenViewController.swift in Sources */,
				CA33E9562448C55B00D685F0 /* SceneDelegate.swift in Sources */,
				CAB50D55244E8E6800B0896E /* ViewController.swift in Sources */,
				CA093373244F564400F0486D /* SearchViewController.swift in Sources */,
				CA093375244F66DE00F0486D /* DetailViewController.swift in Sources */,
				CA3DA0EA24513B6600967717 /* SearchTableViewCell.swift in Sources */,
			);
			runOnlyForDeploymentPostprocessing = 0;
		};
/* End PBXSourcesBuildPhase section */

/* Begin PBXVariantGroup section */
		CA33E9592448C55B00D685F0 /* Main.storyboard */ = {
			isa = PBXVariantGroup;
			children = (
				CA33E95A2448C55B00D685F0 /* Base */,
			);
			name = Main.storyboard;
			sourceTree = "<group>";
		};
		CA33E95E2448C56000D685F0 /* LaunchScreen.storyboard */ = {
			isa = PBXVariantGroup;
			children = (
				CA33E95F2448C56000D685F0 /* Base */,
			);
			name = LaunchScreen.storyboard;
			sourceTree = "<group>";
		};
/* End PBXVariantGroup section */

/* Begin XCBuildConfiguration section */
		CA33E9622448C56000D685F0 /* Debug */ = {
			isa = XCBuildConfiguration;
			buildSettings = {
				ALWAYS_SEARCH_USER_PATHS = NO;
				CLANG_ANALYZER_NONNULL = YES;
				CLANG_ANALYZER_NUMBER_OBJECT_CONVERSION = YES_AGGRESSIVE;
				CLANG_CXX_LANGUAGE_STANDARD = "gnu++14";
				CLANG_CXX_LIBRARY = "libc++";
				CLANG_ENABLE_MODULES = YES;
				CLANG_ENABLE_OBJC_ARC = YES;
				CLANG_ENABLE_OBJC_WEAK = YES;
				CLANG_WARN_BLOCK_CAPTURE_AUTORELEASING = YES;
				CLANG_WARN_BOOL_CONVERSION = YES;
				CLANG_WARN_COMMA = YES;
				CLANG_WARN_CONSTANT_CONVERSION = YES;
				CLANG_WARN_DEPRECATED_OBJC_IMPLEMENTATIONS = YES;
				CLANG_WARN_DIRECT_OBJC_ISA_USAGE = YES_ERROR;
				CLANG_WARN_DOCUMENTATION_COMMENTS = YES;
				CLANG_WARN_EMPTY_BODY = YES;
				CLANG_WARN_ENUM_CONVERSION = YES;
				CLANG_WARN_INFINITE_RECURSION = YES;
				CLANG_WARN_INT_CONVERSION = YES;
				CLANG_WARN_NON_LITERAL_NULL_CONVERSION = YES;
				CLANG_WARN_OBJC_IMPLICIT_RETAIN_SELF = YES;
				CLANG_WARN_OBJC_LITERAL_CONVERSION = YES;
				CLANG_WARN_OBJC_ROOT_CLASS = YES_ERROR;
				CLANG_WARN_RANGE_LOOP_ANALYSIS = YES;
				CLANG_WARN_STRICT_PROTOTYPES = YES;
				CLANG_WARN_SUSPICIOUS_MOVE = YES;
				CLANG_WARN_UNGUARDED_AVAILABILITY = YES_AGGRESSIVE;
				CLANG_WARN_UNREACHABLE_CODE = YES;
				CLANG_WARN__DUPLICATE_METHOD_MATCH = YES;
				COPY_PHASE_STRIP = NO;
				DEBUG_INFORMATION_FORMAT = dwarf;
				ENABLE_STRICT_OBJC_MSGSEND = YES;
				ENABLE_TESTABILITY = YES;
				GCC_C_LANGUAGE_STANDARD = gnu11;
				GCC_DYNAMIC_NO_PIC = NO;
				GCC_NO_COMMON_BLOCKS = YES;
				GCC_OPTIMIZATION_LEVEL = 0;
				GCC_PREPROCESSOR_DEFINITIONS = (
					"DEBUG=1",
					"$(inherited)",
				);
				GCC_WARN_64_TO_32_BIT_CONVERSION = YES;
				GCC_WARN_ABOUT_RETURN_TYPE = YES_ERROR;
				GCC_WARN_UNDECLARED_SELECTOR = YES;
				GCC_WARN_UNINITIALIZED_AUTOS = YES_AGGRESSIVE;
				GCC_WARN_UNUSED_FUNCTION = YES;
				GCC_WARN_UNUSED_VARIABLE = YES;
				IPHONEOS_DEPLOYMENT_TARGET = 13.2;
				MTL_ENABLE_DEBUG_INFO = INCLUDE_SOURCE;
				MTL_FAST_MATH = YES;
				ONLY_ACTIVE_ARCH = YES;
				SDKROOT = iphoneos;
				SWIFT_ACTIVE_COMPILATION_CONDITIONS = DEBUG;
				SWIFT_OPTIMIZATION_LEVEL = "-Onone";
			};
			name = Debug;
		};
		CA33E9632448C56000D685F0 /* Release */ = {
			isa = XCBuildConfiguration;
			buildSettings = {
				ALWAYS_SEARCH_USER_PATHS = NO;
				CLANG_ANALYZER_NONNULL = YES;
				CLANG_ANALYZER_NUMBER_OBJECT_CONVERSION = YES_AGGRESSIVE;
				CLANG_CXX_LANGUAGE_STANDARD = "gnu++14";
				CLANG_CXX_LIBRARY = "libc++";
				CLANG_ENABLE_MODULES = YES;
				CLANG_ENABLE_OBJC_ARC = YES;
				CLANG_ENABLE_OBJC_WEAK = YES;
				CLANG_WARN_BLOCK_CAPTURE_AUTORELEASING = YES;
				CLANG_WARN_BOOL_CONVERSION = YES;
				CLANG_WARN_COMMA = YES;
				CLANG_WARN_CONSTANT_CONVERSION = YES;
				CLANG_WARN_DEPRECATED_OBJC_IMPLEMENTATIONS = YES;
				CLANG_WARN_DIRECT_OBJC_ISA_USAGE = YES_ERROR;
				CLANG_WARN_DOCUMENTATION_COMMENTS = YES;
				CLANG_WARN_EMPTY_BODY = YES;
				CLANG_WARN_ENUM_CONVERSION = YES;
				CLANG_WARN_INFINITE_RECURSION = YES;
				CLANG_WARN_INT_CONVERSION = YES;
				CLANG_WARN_NON_LITERAL_NULL_CONVERSION = YES;
				CLANG_WARN_OBJC_IMPLICIT_RETAIN_SELF = YES;
				CLANG_WARN_OBJC_LITERAL_CONVERSION = YES;
				CLANG_WARN_OBJC_ROOT_CLASS = YES_ERROR;
				CLANG_WARN_RANGE_LOOP_ANALYSIS = YES;
				CLANG_WARN_STRICT_PROTOTYPES = YES;
				CLANG_WARN_SUSPICIOUS_MOVE = YES;
				CLANG_WARN_UNGUARDED_AVAILABILITY = YES_AGGRESSIVE;
				CLANG_WARN_UNREACHABLE_CODE = YES;
				CLANG_WARN__DUPLICATE_METHOD_MATCH = YES;
				COPY_PHASE_STRIP = NO;
				DEBUG_INFORMATION_FORMAT = "dwarf-with-dsym";
				ENABLE_NS_ASSERTIONS = NO;
				ENABLE_STRICT_OBJC_MSGSEND = YES;
				GCC_C_LANGUAGE_STANDARD = gnu11;
				GCC_NO_COMMON_BLOCKS = YES;
				GCC_WARN_64_TO_32_BIT_CONVERSION = YES;
				GCC_WARN_ABOUT_RETURN_TYPE = YES_ERROR;
				GCC_WARN_UNDECLARED_SELECTOR = YES;
				GCC_WARN_UNINITIALIZED_AUTOS = YES_AGGRESSIVE;
				GCC_WARN_UNUSED_FUNCTION = YES;
				GCC_WARN_UNUSED_VARIABLE = YES;
				IPHONEOS_DEPLOYMENT_TARGET = 13.2;
				MTL_ENABLE_DEBUG_INFO = NO;
				MTL_FAST_MATH = YES;
				SDKROOT = iphoneos;
				SWIFT_COMPILATION_MODE = wholemodule;
				SWIFT_OPTIMIZATION_LEVEL = "-O";
				VALIDATE_PRODUCT = YES;
			};
			name = Release;
		};
		CA33E9652448C56000D685F0 /* Debug */ = {
			isa = XCBuildConfiguration;
			buildSettings = {
				ASSETCATALOG_COMPILER_APPICON_NAME = AppIcon;
				CODE_SIGN_STYLE = Automatic;
				DEVELOPMENT_TEAM = 76SXG24Z8F;
				INFOPLIST_FILE = "My Favorite Movies/Info.plist";
				LD_RUNPATH_SEARCH_PATHS = (
					"$(inherited)",
					"@executable_path/Frameworks",
				);
				PRODUCT_BUNDLE_IDENTIFIER = "com.Boey.My-Favorite-Movies";
				PRODUCT_NAME = "My Favorite Movies and Shows";
				SWIFT_VERSION = 5.0;
				TARGETED_DEVICE_FAMILY = "1,2";
			};
			name = Debug;
		};
		CA33E9662448C56000D685F0 /* Release */ = {
			isa = XCBuildConfiguration;
			buildSettings = {
				ASSETCATALOG_COMPILER_APPICON_NAME = AppIcon;
				CODE_SIGN_STYLE = Automatic;
				DEVELOPMENT_TEAM = 76SXG24Z8F;
				INFOPLIST_FILE = "My Favorite Movies/Info.plist";
				LD_RUNPATH_SEARCH_PATHS = (
					"$(inherited)",
					"@executable_path/Frameworks",
				);
				PRODUCT_BUNDLE_IDENTIFIER = "com.Boey.My-Favorite-Movies";
				PRODUCT_NAME = "My Favorite Movies and Shows";
				SWIFT_VERSION = 5.0;
				TARGETED_DEVICE_FAMILY = "1,2";
			};
			name = Release;
		};
/* End XCBuildConfiguration section */

/* Begin XCConfigurationList section */
		CA33E94B2448C55B00D685F0 /* Build configuration list for PBXProject "My Favorite Movies" */ = {
			isa = XCConfigurationList;
			buildConfigurations = (
				CA33E9622448C56000D685F0 /* Debug */,
				CA33E9632448C56000D685F0 /* Release */,
			);
			defaultConfigurationIsVisible = 0;
			defaultConfigurationName = Release;
		};
		CA33E9642448C56000D685F0 /* Build configuration list for PBXNativeTarget "My Favorite Movies" */ = {
			isa = XCConfigurationList;
			buildConfigurations = (
				CA33E9652448C56000D685F0 /* Debug */,
				CA33E9662448C56000D685F0 /* Release */,
			);
			defaultConfigurationIsVisible = 0;
			defaultConfigurationName = Release;
		};
/* End XCConfigurationList section */
	};
	rootObject = CA33E9482448C55B00D685F0 /* Project object */;
}
